// !$*UTF8*$!
{
	archiveVersion = 1;
	classes = {
	};
	objectVersion = 46;
	objects = {

/* Begin PBXBuildFile section */
		D763AF07E437B9C4C04C4A92 /* libPods.a in Frameworks */ = {isa = PBXBuildFile; fileRef = 005BB773C0BC98DDA47972B3 /* libPods.a */; };
		E658FB4D1AF5704600055413 /* AppDelegate.swift in Sources */ = {isa = PBXBuildFile; fileRef = E658FB4C1AF5704600055413 /* AppDelegate.swift */; };
		E658FB4F1AF5704600055413 /* ViewController.swift in Sources */ = {isa = PBXBuildFile; fileRef = E658FB4E1AF5704600055413 /* ViewController.swift */; };
		E658FB521AF5704600055413 /* Authentication.storyboard in Resources */ = {isa = PBXBuildFile; fileRef = E658FB501AF5704600055413 /* Authentication.storyboard */; };
		E658FB541AF5704600055413 /* Images.xcassets in Resources */ = {isa = PBXBuildFile; fileRef = E658FB531AF5704600055413 /* Images.xcassets */; };
		E658FB571AF5704600055413 /* LaunchScreen.xib in Resources */ = {isa = PBXBuildFile; fileRef = E658FB551AF5704600055413 /* LaunchScreen.xib */; };
		E658FB631AF5704700055413 /* Social_WalletTests.swift in Sources */ = {isa = PBXBuildFile; fileRef = E658FB621AF5704700055413 /* Social_WalletTests.swift */; };
		E658FB741AF58F1A00055413 /* Main.storyboard in Resources */ = {isa = PBXBuildFile; fileRef = E658FB731AF58F1A00055413 /* Main.storyboard */; };
		E658FB771AF5916B00055413 /* SocialBankPickerVC.swift in Sources */ = {isa = PBXBuildFile; fileRef = E658FB761AF5916B00055413 /* SocialBankPickerVC.swift */; };
		E658FB7B1AF5973900055413 /* SocialBank.swift in Sources */ = {isa = PBXBuildFile; fileRef = E658FB7A1AF5973900055413 /* SocialBank.swift */; };
		E658FB7F1AF5AEFA00055413 /* SocialBankDetailsVC.swift in Sources */ = {isa = PBXBuildFile; fileRef = E658FB7E1AF5AEFA00055413 /* SocialBankDetailsVC.swift */; };
		E658FB811AF5B04A00055413 /* Transaction.swift in Sources */ = {isa = PBXBuildFile; fileRef = E658FB801AF5B04A00055413 /* Transaction.swift */; };
		E658FB831AF5B9C700055413 /* QRCodeReaderVC.swift in Sources */ = {isa = PBXBuildFile; fileRef = E658FB821AF5B9C700055413 /* QRCodeReaderVC.swift */; };
		E658FB871AF5C58D00055413 /* PayVC.swift in Sources */ = {isa = PBXBuildFile; fileRef = E658FB861AF5C58D00055413 /* PayVC.swift */; };
		E669A5E11AF9A340004DBD32 /* GenerateTwelveWordsVC.swift in Sources */ = {isa = PBXBuildFile; fileRef = E669A5E01AF9A340004DBD32 /* GenerateTwelveWordsVC.swift */; };
		E669A5E31AF9A37B004DBD32 /* RedeemWalletVC.swift in Sources */ = {isa = PBXBuildFile; fileRef = E669A5E21AF9A37B004DBD32 /* RedeemWalletVC.swift */; };
		E6B7D4431AF7D8A200E726FF /* LoginVC.swift in Sources */ = {isa = PBXBuildFile; fileRef = E6B7D4421AF7D8A200E726FF /* LoginVC.swift */; };
		E6B7D4451AF7DBFF00E726FF /* FirstTimeVC.swift in Sources */ = {isa = PBXBuildFile; fileRef = E6B7D4441AF7DBFF00E726FF /* FirstTimeVC.swift */; };
		E6B7D4481AF7DCEF00E726FF /* BaseTableVC.swift in Sources */ = {isa = PBXBuildFile; fileRef = E6B7D4471AF7DCEF00E726FF /* BaseTableVC.swift */; };
		E6B7D44A1AF7DD0800E726FF /* BaseVC.swift in Sources */ = {isa = PBXBuildFile; fileRef = E6B7D4491AF7DD0800E726FF /* BaseVC.swift */; };
		E6E3C4371AFA9DFE00D3B2D3 /* Bolts.framework in Frameworks */ = {isa = PBXBuildFile; fileRef = E6E3C4341AFA9DFE00D3B2D3 /* Bolts.framework */; };
		E6E3C4381AFA9DFF00D3B2D3 /* Parse.framework in Frameworks */ = {isa = PBXBuildFile; fileRef = E6E3C4351AFA9DFE00D3B2D3 /* Parse.framework */; };
		E6E3C43B1AFA9E8000D3B2D3 /* AudioToolbox.framework in Frameworks */ = {isa = PBXBuildFile; fileRef = E6E3C43A1AFA9E8000D3B2D3 /* AudioToolbox.framework */; };
		E6E3C4461AFA9EF100D3B2D3 /* CFNetwork.framework in Frameworks */ = {isa = PBXBuildFile; fileRef = E6E3C43C1AFA9EF100D3B2D3 /* CFNetwork.framework */; };
		E6E3C4471AFA9EF100D3B2D3 /* CoreGraphics.framework in Frameworks */ = {isa = PBXBuildFile; fileRef = E6E3C43D1AFA9EF100D3B2D3 /* CoreGraphics.framework */; };
		E6E3C4481AFA9EF200D3B2D3 /* CoreLocation.framework in Frameworks */ = {isa = PBXBuildFile; fileRef = E6E3C43E1AFA9EF100D3B2D3 /* CoreLocation.framework */; };
		E6E3C4491AFA9EF200D3B2D3 /* libsqlite3.dylib in Frameworks */ = {isa = PBXBuildFile; fileRef = E6E3C43F1AFA9EF100D3B2D3 /* libsqlite3.dylib */; };
		E6E3C44A1AFA9EF200D3B2D3 /* libz.dylib in Frameworks */ = {isa = PBXBuildFile; fileRef = E6E3C4401AFA9EF100D3B2D3 /* libz.dylib */; };
		E6E3C44B1AFA9EF200D3B2D3 /* MobileCoreServices.framework in Frameworks */ = {isa = PBXBuildFile; fileRef = E6E3C4411AFA9EF100D3B2D3 /* MobileCoreServices.framework */; };
		E6E3C44C1AFA9EF200D3B2D3 /* QuartzCore.framework in Frameworks */ = {isa = PBXBuildFile; fileRef = E6E3C4421AFA9EF100D3B2D3 /* QuartzCore.framework */; };
		E6E3C44D1AFA9EF200D3B2D3 /* Security.framework in Frameworks */ = {isa = PBXBuildFile; fileRef = E6E3C4431AFA9EF100D3B2D3 /* Security.framework */; };
		E6E3C44E1AFA9EF200D3B2D3 /* StoreKit.framework in Frameworks */ = {isa = PBXBuildFile; fileRef = E6E3C4441AFA9EF100D3B2D3 /* StoreKit.framework */; };
		E6E3C44F1AFA9EF200D3B2D3 /* SystemConfiguration.framework in Frameworks */ = {isa = PBXBuildFile; fileRef = E6E3C4451AFA9EF100D3B2D3 /* SystemConfiguration.framework */; };
		E6E3C4511AFAA32C00D3B2D3 /* Accounts.framework in Frameworks */ = {isa = PBXBuildFile; fileRef = E6E3C4501AFAA32C00D3B2D3 /* Accounts.framework */; };
		E6E3C4531AFAA33300D3B2D3 /* Social.framework in Frameworks */ = {isa = PBXBuildFile; fileRef = E6E3C4521AFAA33300D3B2D3 /* Social.framework */; };
		E6F0C6AE1AF7EC790079C4A8 /* User.swift in Sources */ = {isa = PBXBuildFile; fileRef = E6F0C6AD1AF7EC790079C4A8 /* User.swift */; };
		E6F0C6B01AF7EE0F0079C4A8 /* RegisterVC.swift in Sources */ = {isa = PBXBuildFile; fileRef = E6F0C6AF1AF7EE0F0079C4A8 /* RegisterVC.swift */; };
/* End PBXBuildFile section */

/* Begin PBXContainerItemProxy section */
		E658FB5D1AF5704700055413 /* PBXContainerItemProxy */ = {
			isa = PBXContainerItemProxy;
			containerPortal = E658FB3F1AF5704600055413 /* Project object */;
			proxyType = 1;
			remoteGlobalIDString = E658FB461AF5704600055413;
			remoteInfo = SocialWallet;
		};
/* End PBXContainerItemProxy section */

/* Begin PBXFileReference section */
		005BB773C0BC98DDA47972B3 /* libPods.a */ = {isa = PBXFileReference; explicitFileType = archive.ar; includeInIndex = 0; path = libPods.a; sourceTree = BUILT_PRODUCTS_DIR; };
		43E606454E5D2DF3A5BF59AF /* Pods.debug.xcconfig */ = {isa = PBXFileReference; includeInIndex = 1; lastKnownFileType = text.xcconfig; name = Pods.debug.xcconfig; path = "Pods/Target Support Files/Pods/Pods.debug.xcconfig"; sourceTree = "<group>"; };
		56CA49E48F3B0AE6F590731A /* Pods.release.xcconfig */ = {isa = PBXFileReference; includeInIndex = 1; lastKnownFileType = text.xcconfig; name = Pods.release.xcconfig; path = "Pods/Target Support Files/Pods/Pods.release.xcconfig"; sourceTree = "<group>"; };
		E658FB471AF5704600055413 /* SocialWallet.app */ = {isa = PBXFileReference; explicitFileType = wrapper.application; includeInIndex = 0; path = SocialWallet.app; sourceTree = BUILT_PRODUCTS_DIR; };
		E658FB4B1AF5704600055413 /* Info.plist */ = {isa = PBXFileReference; lastKnownFileType = text.plist.xml; path = Info.plist; sourceTree = "<group>"; };
		E658FB4C1AF5704600055413 /* AppDelegate.swift */ = {isa = PBXFileReference; lastKnownFileType = sourcecode.swift; path = AppDelegate.swift; sourceTree = "<group>"; };
		E658FB4E1AF5704600055413 /* ViewController.swift */ = {isa = PBXFileReference; lastKnownFileType = sourcecode.swift; path = ViewController.swift; sourceTree = "<group>"; };
		E658FB511AF5704600055413 /* Base */ = {isa = PBXFileReference; lastKnownFileType = file.storyboard; name = Base; path = Base.lproj/Authentication.storyboard; sourceTree = "<group>"; };
		E658FB531AF5704600055413 /* Images.xcassets */ = {isa = PBXFileReference; lastKnownFileType = folder.assetcatalog; path = Images.xcassets; sourceTree = "<group>"; };
		E658FB561AF5704600055413 /* Base */ = {isa = PBXFileReference; lastKnownFileType = file.xib; name = Base; path = Base.lproj/LaunchScreen.xib; sourceTree = "<group>"; };
		E658FB5C1AF5704700055413 /* SocialWalletTests.xctest */ = {isa = PBXFileReference; explicitFileType = wrapper.cfbundle; includeInIndex = 0; path = SocialWalletTests.xctest; sourceTree = BUILT_PRODUCTS_DIR; };
		E658FB611AF5704700055413 /* Info.plist */ = {isa = PBXFileReference; lastKnownFileType = text.plist.xml; path = Info.plist; sourceTree = "<group>"; };
		E658FB621AF5704700055413 /* Social_WalletTests.swift */ = {isa = PBXFileReference; lastKnownFileType = sourcecode.swift; path = Social_WalletTests.swift; sourceTree = "<group>"; };
		E658FB731AF58F1A00055413 /* Main.storyboard */ = {isa = PBXFileReference; fileEncoding = 4; lastKnownFileType = file.storyboard; path = Main.storyboard; sourceTree = "<group>"; };
		E658FB761AF5916B00055413 /* SocialBankPickerVC.swift */ = {isa = PBXFileReference; fileEncoding = 4; lastKnownFileType = sourcecode.swift; path = SocialBankPickerVC.swift; sourceTree = "<group>"; };
		E658FB7A1AF5973900055413 /* SocialBank.swift */ = {isa = PBXFileReference; fileEncoding = 4; lastKnownFileType = sourcecode.swift; path = SocialBank.swift; sourceTree = "<group>"; };
		E658FB7E1AF5AEFA00055413 /* SocialBankDetailsVC.swift */ = {isa = PBXFileReference; fileEncoding = 4; lastKnownFileType = sourcecode.swift; path = SocialBankDetailsVC.swift; sourceTree = "<group>"; };
		E658FB801AF5B04A00055413 /* Transaction.swift */ = {isa = PBXFileReference; fileEncoding = 4; lastKnownFileType = sourcecode.swift; path = Transaction.swift; sourceTree = "<group>"; };
		E658FB821AF5B9C700055413 /* QRCodeReaderVC.swift */ = {isa = PBXFileReference; fileEncoding = 4; lastKnownFileType = sourcecode.swift; path = QRCodeReaderVC.swift; sourceTree = "<group>"; };
		E658FB861AF5C58D00055413 /* PayVC.swift */ = {isa = PBXFileReference; fileEncoding = 4; lastKnownFileType = sourcecode.swift; path = PayVC.swift; sourceTree = "<group>"; };
		E669A5E01AF9A340004DBD32 /* GenerateTwelveWordsVC.swift */ = {isa = PBXFileReference; fileEncoding = 4; lastKnownFileType = sourcecode.swift; path = GenerateTwelveWordsVC.swift; sourceTree = "<group>"; };
		E669A5E21AF9A37B004DBD32 /* RedeemWalletVC.swift */ = {isa = PBXFileReference; fileEncoding = 4; lastKnownFileType = sourcecode.swift; path = RedeemWalletVC.swift; sourceTree = "<group>"; };
		E6B7D4401AF7CC9600E726FF /* SocialWallet-Bridging-Header.h */ = {isa = PBXFileReference; lastKnownFileType = sourcecode.c.h; path = "SocialWallet-Bridging-Header.h"; sourceTree = "<group>"; };
		E6B7D4421AF7D8A200E726FF /* LoginVC.swift */ = {isa = PBXFileReference; fileEncoding = 4; lastKnownFileType = sourcecode.swift; path = LoginVC.swift; sourceTree = "<group>"; };
		E6B7D4441AF7DBFF00E726FF /* FirstTimeVC.swift */ = {isa = PBXFileReference; fileEncoding = 4; lastKnownFileType = sourcecode.swift; path = FirstTimeVC.swift; sourceTree = "<group>"; };
		E6B7D4471AF7DCEF00E726FF /* BaseTableVC.swift */ = {isa = PBXFileReference; fileEncoding = 4; lastKnownFileType = sourcecode.swift; path = BaseTableVC.swift; sourceTree = "<group>"; };
		E6B7D4491AF7DD0800E726FF /* BaseVC.swift */ = {isa = PBXFileReference; fileEncoding = 4; lastKnownFileType = sourcecode.swift; path = BaseVC.swift; sourceTree = "<group>"; };
		E6E3C4341AFA9DFE00D3B2D3 /* Bolts.framework */ = {isa = PBXFileReference; lastKnownFileType = wrapper.framework; path = Bolts.framework; sourceTree = "<group>"; };
		E6E3C4351AFA9DFE00D3B2D3 /* Parse.framework */ = {isa = PBXFileReference; lastKnownFileType = wrapper.framework; path = Parse.framework; sourceTree = "<group>"; };
		E6E3C43A1AFA9E8000D3B2D3 /* AudioToolbox.framework */ = {isa = PBXFileReference; lastKnownFileType = wrapper.framework; name = AudioToolbox.framework; path = System/Library/Frameworks/AudioToolbox.framework; sourceTree = SDKROOT; };
		E6E3C43C1AFA9EF100D3B2D3 /* CFNetwork.framework */ = {isa = PBXFileReference; lastKnownFileType = wrapper.framework; name = CFNetwork.framework; path = System/Library/Frameworks/CFNetwork.framework; sourceTree = SDKROOT; };
		E6E3C43D1AFA9EF100D3B2D3 /* CoreGraphics.framework */ = {isa = PBXFileReference; lastKnownFileType = wrapper.framework; name = CoreGraphics.framework; path = System/Library/Frameworks/CoreGraphics.framework; sourceTree = SDKROOT; };
		E6E3C43E1AFA9EF100D3B2D3 /* CoreLocation.framework */ = {isa = PBXFileReference; lastKnownFileType = wrapper.framework; name = CoreLocation.framework; path = System/Library/Frameworks/CoreLocation.framework; sourceTree = SDKROOT; };
		E6E3C43F1AFA9EF100D3B2D3 /* libsqlite3.dylib */ = {isa = PBXFileReference; lastKnownFileType = "compiled.mach-o.dylib"; name = libsqlite3.dylib; path = usr/lib/libsqlite3.dylib; sourceTree = SDKROOT; };
		E6E3C4401AFA9EF100D3B2D3 /* libz.dylib */ = {isa = PBXFileReference; lastKnownFileType = "compiled.mach-o.dylib"; name = libz.dylib; path = usr/lib/libz.dylib; sourceTree = SDKROOT; };
		E6E3C4411AFA9EF100D3B2D3 /* MobileCoreServices.framework */ = {isa = PBXFileReference; lastKnownFileType = wrapper.framework; name = MobileCoreServices.framework; path = System/Library/Frameworks/MobileCoreServices.framework; sourceTree = SDKROOT; };
		E6E3C4421AFA9EF100D3B2D3 /* QuartzCore.framework */ = {isa = PBXFileReference; lastKnownFileType = wrapper.framework; name = QuartzCore.framework; path = System/Library/Frameworks/QuartzCore.framework; sourceTree = SDKROOT; };
		E6E3C4431AFA9EF100D3B2D3 /* Security.framework */ = {isa = PBXFileReference; lastKnownFileType = wrapper.framework; name = Security.framework; path = System/Library/Frameworks/Security.framework; sourceTree = SDKROOT; };
		E6E3C4441AFA9EF100D3B2D3 /* StoreKit.framework */ = {isa = PBXFileReference; lastKnownFileType = wrapper.framework; name = StoreKit.framework; path = System/Library/Frameworks/StoreKit.framework; sourceTree = SDKROOT; };
		E6E3C4451AFA9EF100D3B2D3 /* SystemConfiguration.framework */ = {isa = PBXFileReference; lastKnownFileType = wrapper.framework; name = SystemConfiguration.framework; path = System/Library/Frameworks/SystemConfiguration.framework; sourceTree = SDKROOT; };
		E6E3C4501AFAA32C00D3B2D3 /* Accounts.framework */ = {isa = PBXFileReference; lastKnownFileType = wrapper.framework; name = Accounts.framework; path = System/Library/Frameworks/Accounts.framework; sourceTree = SDKROOT; };
		E6E3C4521AFAA33300D3B2D3 /* Social.framework */ = {isa = PBXFileReference; lastKnownFileType = wrapper.framework; name = Social.framework; path = System/Library/Frameworks/Social.framework; sourceTree = SDKROOT; };
		E6F0C6AD1AF7EC790079C4A8 /* User.swift */ = {isa = PBXFileReference; fileEncoding = 4; lastKnownFileType = sourcecode.swift; path = User.swift; sourceTree = "<group>"; };
		E6F0C6AF1AF7EE0F0079C4A8 /* RegisterVC.swift */ = {isa = PBXFileReference; fileEncoding = 4; lastKnownFileType = sourcecode.swift; path = RegisterVC.swift; sourceTree = "<group>"; };
/* End PBXFileReference section */

/* Begin PBXFrameworksBuildPhase section */
		E658FB441AF5704600055413 /* Frameworks */ = {
			isa = PBXFrameworksBuildPhase;
			buildActionMask = 2147483647;
			files = (
				E6E3C4511AFAA32C00D3B2D3 /* Accounts.framework in Frameworks */,
				E6E3C4531AFAA33300D3B2D3 /* Social.framework in Frameworks */,
				E6E3C43B1AFA9E8000D3B2D3 /* AudioToolbox.framework in Frameworks */,
				E6E3C4461AFA9EF100D3B2D3 /* CFNetwork.framework in Frameworks */,
				E6E3C4471AFA9EF100D3B2D3 /* CoreGraphics.framework in Frameworks */,
				E6E3C4481AFA9EF200D3B2D3 /* CoreLocation.framework in Frameworks */,
				E6E3C44B1AFA9EF200D3B2D3 /* MobileCoreServices.framework in Frameworks */,
				E6E3C44C1AFA9EF200D3B2D3 /* QuartzCore.framework in Frameworks */,
				E6E3C44D1AFA9EF200D3B2D3 /* Security.framework in Frameworks */,
				E6E3C44E1AFA9EF200D3B2D3 /* StoreKit.framework in Frameworks */,
				E6E3C44F1AFA9EF200D3B2D3 /* SystemConfiguration.framework in Frameworks */,
				E6E3C44A1AFA9EF200D3B2D3 /* libz.dylib in Frameworks */,
				E6E3C4491AFA9EF200D3B2D3 /* libsqlite3.dylib in Frameworks */,
				D763AF07E437B9C4C04C4A92 /* libPods.a in Frameworks */,
				E6E3C4381AFA9DFF00D3B2D3 /* Parse.framework in Frameworks */,
				E6E3C4371AFA9DFE00D3B2D3 /* Bolts.framework in Frameworks */,
			);
			runOnlyForDeploymentPostprocessing = 0;
		};
		E658FB591AF5704700055413 /* Frameworks */ = {
			isa = PBXFrameworksBuildPhase;
			buildActionMask = 2147483647;
			files = (
			);
			runOnlyForDeploymentPostprocessing = 0;
		};
/* End PBXFrameworksBuildPhase section */

/* Begin PBXGroup section */
		887063E60B11F7E91875E708 /* Pods */ = {
			isa = PBXGroup;
			children = (
				43E606454E5D2DF3A5BF59AF /* Pods.debug.xcconfig */,
				56CA49E48F3B0AE6F590731A /* Pods.release.xcconfig */,
			);
			name = Pods;
			sourceTree = "<group>";
		};
		E658FB3E1AF5704600055413 = {
			isa = PBXGroup;
			children = (
				E658FB491AF5704600055413 /* SocialWallet */,
				E658FB5F1AF5704700055413 /* SocialWalletTests */,
				E658FB481AF5704600055413 /* Products */,
				887063E60B11F7E91875E708 /* Pods */,
				F6ED824C3DB0430FB7B59BBF /* Frameworks */,
			);
			sourceTree = "<group>";
		};
		E658FB481AF5704600055413 /* Products */ = {
			isa = PBXGroup;
			children = (
				E658FB471AF5704600055413 /* SocialWallet.app */,
				E658FB5C1AF5704700055413 /* SocialWalletTests.xctest */,
			);
			name = Products;
			sourceTree = "<group>";
		};
		E658FB491AF5704600055413 /* SocialWallet */ = {
			isa = PBXGroup;
			children = (
				E658FB6C1AF570DB00055413 /* Managers */,
				E658FB781AF592BE00055413 /* Models */,
				E658FB6D1AF5710F00055413 /* Storyboards */,
				E658FB4A1AF5704600055413 /* Supporting Files */,
				E658FB6E1AF5711900055413 /* ViewControllers */,
			);
			path = SocialWallet;
			sourceTree = "<group>";
		};
		E658FB4A1AF5704600055413 /* Supporting Files */ = {
			isa = PBXGroup;
			children = (
				E6B7D4401AF7CC9600E726FF /* SocialWallet-Bridging-Header.h */,
				E658FB531AF5704600055413 /* Images.xcassets */,
				E658FB4B1AF5704600055413 /* Info.plist */,
			);
			name = "Supporting Files";
			sourceTree = "<group>";
		};
		E658FB5F1AF5704700055413 /* SocialWalletTests */ = {
			isa = PBXGroup;
			children = (
				E658FB621AF5704700055413 /* Social_WalletTests.swift */,
				E658FB601AF5704700055413 /* Supporting Files */,
			);
			path = SocialWalletTests;
			sourceTree = "<group>";
		};
		E658FB601AF5704700055413 /* Supporting Files */ = {
			isa = PBXGroup;
			children = (
				E658FB611AF5704700055413 /* Info.plist */,
			);
			name = "Supporting Files";
			sourceTree = "<group>";
		};
		E658FB6C1AF570DB00055413 /* Managers */ = {
			isa = PBXGroup;
			children = (
				E658FB4C1AF5704600055413 /* AppDelegate.swift */,
			);
			name = Managers;
			sourceTree = "<group>";
		};
		E658FB6D1AF5710F00055413 /* Storyboards */ = {
			isa = PBXGroup;
			children = (
				E658FB501AF5704600055413 /* Authentication.storyboard */,
				E658FB551AF5704600055413 /* LaunchScreen.xib */,
				E658FB731AF58F1A00055413 /* Main.storyboard */,
			);
			name = Storyboards;
			sourceTree = "<group>";
		};
		E658FB6E1AF5711900055413 /* ViewControllers */ = {
			isa = PBXGroup;
			children = (
				E6B7D4461AF7DCB000E726FF /* Base */,
				E6B7D4411AF7D60E00E726FF /* Authentication */,
				E658FB4E1AF5704600055413 /* ViewController.swift */,
				E658FB761AF5916B00055413 /* SocialBankPickerVC.swift */,
				E658FB7E1AF5AEFA00055413 /* SocialBankDetailsVC.swift */,
				E658FB821AF5B9C700055413 /* QRCodeReaderVC.swift */,
				E658FB861AF5C58D00055413 /* PayVC.swift */,
			);
			name = ViewControllers;
			sourceTree = "<group>";
		};
		E658FB781AF592BE00055413 /* Models */ = {
			isa = PBXGroup;
			children = (
				E658FB7A1AF5973900055413 /* SocialBank.swift */,
				E658FB801AF5B04A00055413 /* Transaction.swift */,
				E6F0C6AD1AF7EC790079C4A8 /* User.swift */,
			);
			name = Models;
			sourceTree = "<group>";
		};
		E6B7D4411AF7D60E00E726FF /* Authentication */ = {
			isa = PBXGroup;
			children = (
				E6B7D4421AF7D8A200E726FF /* LoginVC.swift */,
				E6B7D4441AF7DBFF00E726FF /* FirstTimeVC.swift */,
				E6F0C6AF1AF7EE0F0079C4A8 /* RegisterVC.swift */,
				E669A5E01AF9A340004DBD32 /* GenerateTwelveWordsVC.swift */,
				E669A5E21AF9A37B004DBD32 /* RedeemWalletVC.swift */,
			);
			name = Authentication;
			sourceTree = "<group>";
		};
		E6B7D4461AF7DCB000E726FF /* Base */ = {
			isa = PBXGroup;
			children = (
				E6B7D4471AF7DCEF00E726FF /* BaseTableVC.swift */,
				E6B7D4491AF7DD0800E726FF /* BaseVC.swift */,
			);
			name = Base;
			sourceTree = "<group>";
		};
		F6ED824C3DB0430FB7B59BBF /* Frameworks */ = {
			isa = PBXGroup;
			children = (
				E6E3C4521AFAA33300D3B2D3 /* Social.framework */,
				E6E3C4501AFAA32C00D3B2D3 /* Accounts.framework */,
				E6E3C43C1AFA9EF100D3B2D3 /* CFNetwork.framework */,
				E6E3C43D1AFA9EF100D3B2D3 /* CoreGraphics.framework */,
				E6E3C43E1AFA9EF100D3B2D3 /* CoreLocation.framework */,
				E6E3C43F1AFA9EF100D3B2D3 /* libsqlite3.dylib */,
				E6E3C4401AFA9EF100D3B2D3 /* libz.dylib */,
				E6E3C4411AFA9EF100D3B2D3 /* MobileCoreServices.framework */,
				E6E3C4421AFA9EF100D3B2D3 /* QuartzCore.framework */,
				E6E3C4431AFA9EF100D3B2D3 /* Security.framework */,
				E6E3C4441AFA9EF100D3B2D3 /* StoreKit.framework */,
				E6E3C4451AFA9EF100D3B2D3 /* SystemConfiguration.framework */,
				E6E3C43A1AFA9E8000D3B2D3 /* AudioToolbox.framework */,
				E6E3C4341AFA9DFE00D3B2D3 /* Bolts.framework */,
				E6E3C4351AFA9DFE00D3B2D3 /* Parse.framework */,
				005BB773C0BC98DDA47972B3 /* libPods.a */,
			);
			name = Frameworks;
			sourceTree = "<group>";
		};
/* End PBXGroup section */

/* Begin PBXNativeTarget section */
		E658FB461AF5704600055413 /* SocialWallet */ = {
			isa = PBXNativeTarget;
			buildConfigurationList = E658FB661AF5704700055413 /* Build configuration list for PBXNativeTarget "SocialWallet" */;
			buildPhases = (
				5A5E8417E7A5C98AC4F3E6F0 /* Check Pods Manifest.lock */,
				E658FB431AF5704600055413 /* Sources */,
				E658FB441AF5704600055413 /* Frameworks */,
				E658FB451AF5704600055413 /* Resources */,
				36A00A1C7393A64017969A25 /* Copy Pods Resources */,
			);
			buildRules = (
			);
			dependencies = (
			);
			name = SocialWallet;
			productName = SocialWallet;
			productReference = E658FB471AF5704600055413 /* SocialWallet.app */;
			productType = "com.apple.product-type.application";
		};
		E658FB5B1AF5704700055413 /* SocialWalletTests */ = {
			isa = PBXNativeTarget;
			buildConfigurationList = E658FB691AF5704700055413 /* Build configuration list for PBXNativeTarget "SocialWalletTests" */;
			buildPhases = (
				E658FB581AF5704700055413 /* Sources */,
				E658FB591AF5704700055413 /* Frameworks */,
				E658FB5A1AF5704700055413 /* Resources */,
			);
			buildRules = (
			);
			dependencies = (
				E658FB5E1AF5704700055413 /* PBXTargetDependency */,
			);
			name = SocialWalletTests;
			productName = SocialWalletTests;
			productReference = E658FB5C1AF5704700055413 /* SocialWalletTests.xctest */;
			productType = "com.apple.product-type.bundle.unit-test";
		};
/* End PBXNativeTarget section */

/* Begin PBXProject section */
		E658FB3F1AF5704600055413 /* Project object */ = {
			isa = PBXProject;
			attributes = {
				LastUpgradeCheck = 0630;
				ORGANIZATIONNAME = SocialBanks;
				TargetAttributes = {
					E658FB461AF5704600055413 = {
						CreatedOnToolsVersion = 6.3.1;
						DevelopmentTeam = 7K2N67RM3A;
					};
					E658FB5B1AF5704700055413 = {
						CreatedOnToolsVersion = 6.3.1;
						TestTargetID = E658FB461AF5704600055413;
					};
				};
			};
			buildConfigurationList = E658FB421AF5704600055413 /* Build configuration list for PBXProject "SocialWallet" */;
			compatibilityVersion = "Xcode 3.2";
			developmentRegion = English;
			hasScannedForEncodings = 0;
			knownRegions = (
				en,
				Base,
			);
			mainGroup = E658FB3E1AF5704600055413;
			productRefGroup = E658FB481AF5704600055413 /* Products */;
			projectDirPath = "";
			projectRoot = "";
			targets = (
				E658FB461AF5704600055413 /* SocialWallet */,
				E658FB5B1AF5704700055413 /* SocialWalletTests */,
			);
		};
/* End PBXProject section */

/* Begin PBXResourcesBuildPhase section */
		E658FB451AF5704600055413 /* Resources */ = {
			isa = PBXResourcesBuildPhase;
			buildActionMask = 2147483647;
			files = (
				E658FB521AF5704600055413 /* Authentication.storyboard in Resources */,
				E658FB571AF5704600055413 /* LaunchScreen.xib in Resources */,
				E658FB541AF5704600055413 /* Images.xcassets in Resources */,
				E658FB741AF58F1A00055413 /* Main.storyboard in Resources */,
			);
			runOnlyForDeploymentPostprocessing = 0;
		};
		E658FB5A1AF5704700055413 /* Resources */ = {
			isa = PBXResourcesBuildPhase;
			buildActionMask = 2147483647;
			files = (
			);
			runOnlyForDeploymentPostprocessing = 0;
		};
/* End PBXResourcesBuildPhase section */

/* Begin PBXShellScriptBuildPhase section */
		36A00A1C7393A64017969A25 /* Copy Pods Resources */ = {
			isa = PBXShellScriptBuildPhase;
			buildActionMask = 2147483647;
			files = (
			);
			inputPaths = (
			);
			name = "Copy Pods Resources";
			outputPaths = (
			);
			runOnlyForDeploymentPostprocessing = 0;
			shellPath = /bin/sh;
			shellScript = "\"${SRCROOT}/Pods/Target Support Files/Pods/Pods-resources.sh\"\n";
			showEnvVarsInLog = 0;
		};
		5A5E8417E7A5C98AC4F3E6F0 /* Check Pods Manifest.lock */ = {
			isa = PBXShellScriptBuildPhase;
			buildActionMask = 2147483647;
			files = (
			);
			inputPaths = (
			);
			name = "Check Pods Manifest.lock";
			outputPaths = (
			);
			runOnlyForDeploymentPostprocessing = 0;
			shellPath = /bin/sh;
			shellScript = "diff \"${PODS_ROOT}/../Podfile.lock\" \"${PODS_ROOT}/Manifest.lock\" > /dev/null\nif [[ $? != 0 ]] ; then\n    cat << EOM\nerror: The sandbox is not in sync with the Podfile.lock. Run 'pod install' or update your CocoaPods installation.\nEOM\n    exit 1\nfi\n";
			showEnvVarsInLog = 0;
		};
/* End PBXShellScriptBuildPhase section */

/* Begin PBXSourcesBuildPhase section */
		E658FB431AF5704600055413 /* Sources */ = {
			isa = PBXSourcesBuildPhase;
			buildActionMask = 2147483647;
			files = (
				E669A5E11AF9A340004DBD32 /* GenerateTwelveWordsVC.swift in Sources */,
				E658FB811AF5B04A00055413 /* Transaction.swift in Sources */,
				E658FB831AF5B9C700055413 /* QRCodeReaderVC.swift in Sources */,
				E658FB7B1AF5973900055413 /* SocialBank.swift in Sources */,
				E658FB771AF5916B00055413 /* SocialBankPickerVC.swift in Sources */,
				E6B7D4481AF7DCEF00E726FF /* BaseTableVC.swift in Sources */,
				E6B7D4431AF7D8A200E726FF /* LoginVC.swift in Sources */,
				E6F0C6AE1AF7EC790079C4A8 /* User.swift in Sources */,
				E6B7D4451AF7DBFF00E726FF /* FirstTimeVC.swift in Sources */,
				E658FB4F1AF5704600055413 /* ViewController.swift in Sources */,
				E6F0C6B01AF7EE0F0079C4A8 /* RegisterVC.swift in Sources */,
				E6B7D44A1AF7DD0800E726FF /* BaseVC.swift in Sources */,
				E658FB7F1AF5AEFA00055413 /* SocialBankDetailsVC.swift in Sources */,
				E658FB4D1AF5704600055413 /* AppDelegate.swift in Sources */,
				E669A5E31AF9A37B004DBD32 /* RedeemWalletVC.swift in Sources */,
				E658FB871AF5C58D00055413 /* PayVC.swift in Sources */,
			);
			runOnlyForDeploymentPostprocessing = 0;
		};
		E658FB581AF5704700055413 /* Sources */ = {
			isa = PBXSourcesBuildPhase;
			buildActionMask = 2147483647;
			files = (
				E658FB631AF5704700055413 /* Social_WalletTests.swift in Sources */,
			);
			runOnlyForDeploymentPostprocessing = 0;
		};
/* End PBXSourcesBuildPhase section */

/* Begin PBXTargetDependency section */
		E658FB5E1AF5704700055413 /* PBXTargetDependency */ = {
			isa = PBXTargetDependency;
			target = E658FB461AF5704600055413 /* SocialWallet */;
			targetProxy = E658FB5D1AF5704700055413 /* PBXContainerItemProxy */;
		};
/* End PBXTargetDependency section */

/* Begin PBXVariantGroup section */
		E658FB501AF5704600055413 /* Authentication.storyboard */ = {
			isa = PBXVariantGroup;
			children = (
				E658FB511AF5704600055413 /* Base */,
			);
			name = Authentication.storyboard;
			sourceTree = "<group>";
		};
		E658FB551AF5704600055413 /* LaunchScreen.xib */ = {
			isa = PBXVariantGroup;
			children = (
				E658FB561AF5704600055413 /* Base */,
			);
			name = LaunchScreen.xib;
			sourceTree = "<group>";
		};
/* End PBXVariantGroup section */

/* Begin XCBuildConfiguration section */
		E658FB641AF5704700055413 /* Debug */ = {
			isa = XCBuildConfiguration;
			buildSettings = {
				ALWAYS_SEARCH_USER_PATHS = NO;
				CLANG_CXX_LANGUAGE_STANDARD = "gnu++0x";
				CLANG_CXX_LIBRARY = "libc++";
				CLANG_ENABLE_MODULES = YES;
				CLANG_ENABLE_OBJC_ARC = YES;
				CLANG_WARN_BOOL_CONVERSION = YES;
				CLANG_WARN_CONSTANT_CONVERSION = YES;
				CLANG_WARN_DIRECT_OBJC_ISA_USAGE = YES_ERROR;
				CLANG_WARN_EMPTY_BODY = YES;
				CLANG_WARN_ENUM_CONVERSION = YES;
				CLANG_WARN_INT_CONVERSION = YES;
				CLANG_WARN_OBJC_ROOT_CLASS = YES_ERROR;
				CLANG_WARN_UNREACHABLE_CODE = YES;
				CLANG_WARN__DUPLICATE_METHOD_MATCH = YES;
				"CODE_SIGN_IDENTITY[sdk=iphoneos*]" = "iPhone Developer";
				COPY_PHASE_STRIP = NO;
				DEBUG_INFORMATION_FORMAT = "dwarf-with-dsym";
				ENABLE_STRICT_OBJC_MSGSEND = YES;
				GCC_C_LANGUAGE_STANDARD = gnu99;
				GCC_DYNAMIC_NO_PIC = NO;
				GCC_NO_COMMON_BLOCKS = YES;
				GCC_OPTIMIZATION_LEVEL = 0;
				GCC_PREPROCESSOR_DEFINITIONS = (
					"DEBUG=1",
					"$(inherited)",
				);
				GCC_SYMBOLS_PRIVATE_EXTERN = NO;
				GCC_WARN_64_TO_32_BIT_CONVERSION = YES;
				GCC_WARN_ABOUT_RETURN_TYPE = YES_ERROR;
				GCC_WARN_UNDECLARED_SELECTOR = YES;
				GCC_WARN_UNINITIALIZED_AUTOS = YES_AGGRESSIVE;
				GCC_WARN_UNUSED_FUNCTION = YES;
				GCC_WARN_UNUSED_VARIABLE = YES;
				IPHONEOS_DEPLOYMENT_TARGET = 8.0;
				MTL_ENABLE_DEBUG_INFO = YES;
				ONLY_ACTIVE_ARCH = YES;
				SDKROOT = iphoneos;
				SWIFT_OPTIMIZATION_LEVEL = "-Onone";
			};
			name = Debug;
		};
		E658FB651AF5704700055413 /* Release */ = {
			isa = XCBuildConfiguration;
			buildSettings = {
				ALWAYS_SEARCH_USER_PATHS = NO;
				CLANG_CXX_LANGUAGE_STANDARD = "gnu++0x";
				CLANG_CXX_LIBRARY = "libc++";
				CLANG_ENABLE_MODULES = YES;
				CLANG_ENABLE_OBJC_ARC = YES;
				CLANG_WARN_BOOL_CONVERSION = YES;
				CLANG_WARN_CONSTANT_CONVERSION = YES;
				CLANG_WARN_DIRECT_OBJC_ISA_USAGE = YES_ERROR;
				CLANG_WARN_EMPTY_BODY = YES;
				CLANG_WARN_ENUM_CONVERSION = YES;
				CLANG_WARN_INT_CONVERSION = YES;
				CLANG_WARN_OBJC_ROOT_CLASS = YES_ERROR;
				CLANG_WARN_UNREACHABLE_CODE = YES;
				CLANG_WARN__DUPLICATE_METHOD_MATCH = YES;
				"CODE_SIGN_IDENTITY[sdk=iphoneos*]" = "iPhone Developer";
				COPY_PHASE_STRIP = NO;
				DEBUG_INFORMATION_FORMAT = "dwarf-with-dsym";
				ENABLE_NS_ASSERTIONS = NO;
				ENABLE_STRICT_OBJC_MSGSEND = YES;
				GCC_C_LANGUAGE_STANDARD = gnu99;
				GCC_NO_COMMON_BLOCKS = YES;
				GCC_WARN_64_TO_32_BIT_CONVERSION = YES;
				GCC_WARN_ABOUT_RETURN_TYPE = YES_ERROR;
				GCC_WARN_UNDECLARED_SELECTOR = YES;
				GCC_WARN_UNINITIALIZED_AUTOS = YES_AGGRESSIVE;
				GCC_WARN_UNUSED_FUNCTION = YES;
				GCC_WARN_UNUSED_VARIABLE = YES;
				IPHONEOS_DEPLOYMENT_TARGET = 8.0;
				MTL_ENABLE_DEBUG_INFO = NO;
				SDKROOT = iphoneos;
				VALIDATE_PRODUCT = YES;
			};
			name = Release;
		};
		E658FB671AF5704700055413 /* Debug */ = {
			isa = XCBuildConfiguration;
			baseConfigurationReference = 43E606454E5D2DF3A5BF59AF /* Pods.debug.xcconfig */;
			buildSettings = {
				ASSETCATALOG_COMPILER_APPICON_NAME = AppIcon;
				ASSETCATALOG_COMPILER_LAUNCHIMAGE_NAME = LaunchImage;
				CODE_SIGN_IDENTITY = "iPhone Developer";
				"CODE_SIGN_IDENTITY[sdk=iphoneos*]" = "iPhone Developer";
				FRAMEWORK_SEARCH_PATHS = (
					"$(inherited)",
					"$(PROJECT_DIR)",
				);
				INFOPLIST_FILE = "$(SRCROOT)/SocialWallet/Info.plist";
				IPHONEOS_DEPLOYMENT_TARGET = 7.1;
				LD_RUNPATH_SEARCH_PATHS = "$(inherited) @executable_path/Frameworks";
				PRODUCT_NAME = "$(TARGET_NAME)";
				PROVISIONING_PROFILE = "";
				SWIFT_OBJC_BRIDGING_HEADER = "$(SRCROOT)/SocialWallet/SocialWallet-Bridging-Header.h";
			};
			name = Debug;
		};
		E658FB681AF5704700055413 /* Release */ = {
			isa = XCBuildConfiguration;
			baseConfigurationReference = 56CA49E48F3B0AE6F590731A /* Pods.release.xcconfig */;
			buildSettings = {
				ASSETCATALOG_COMPILER_APPICON_NAME = AppIcon;
				ASSETCATALOG_COMPILER_LAUNCHIMAGE_NAME = LaunchImage;
				CODE_SIGN_IDENTITY = "iPhone Developer";
				"CODE_SIGN_IDENTITY[sdk=iphoneos*]" = "iPhone Developer";
				FRAMEWORK_SEARCH_PATHS = (
					"$(inherited)",
					"$(PROJECT_DIR)",
				);
				INFOPLIST_FILE = "$(SRCROOT)/SocialWallet/Info.plist";
				IPHONEOS_DEPLOYMENT_TARGET = 7.1;
				LD_RUNPATH_SEARCH_PATHS = "$(inherited) @executable_path/Frameworks";
				PRODUCT_NAME = "$(TARGET_NAME)";
				PROVISIONING_PROFILE = "";
				SWIFT_OBJC_BRIDGING_HEADER = "$(SRCROOT)/SocialWallet/SocialWallet-Bridging-Header.h";
			};
			name = Release;
		};
		E658FB6A1AF5704700055413 /* Debug */ = {
			isa = XCBuildConfiguration;
			buildSettings = {
				BUNDLE_LOADER = "$(TEST_HOST)";
				FRAMEWORK_SEARCH_PATHS = (
					"$(SDKROOT)/Developer/Library/Frameworks",
					"$(inherited)",
				);
				GCC_PREPROCESSOR_DEFINITIONS = (
					"DEBUG=1",
					"$(inherited)",
				);
				INFOPLIST_FILE = SocialWalletTests/Info.plist;
				LD_RUNPATH_SEARCH_PATHS = "$(inherited) @executable_path/Frameworks @loader_path/Frameworks";
				PRODUCT_NAME = "$(TARGET_NAME)";
				TEST_HOST = "$(BUILT_PRODUCTS_DIR)/SocialWallet.app/SocialWallet";
			};
			name = Debug;
		};
		E658FB6B1AF5704700055413 /* Release */ = {
			isa = XCBuildConfiguration;
			buildSettings = {
				BUNDLE_LOADER = "$(TEST_HOST)";
				FRAMEWORK_SEARCH_PATHS = (
					"$(SDKROOT)/Developer/Library/Frameworks",
					"$(inherited)",
				);
				INFOPLIST_FILE = SocialWalletTests/Info.plist;
				LD_RUNPATH_SEARCH_PATHS = "$(inherited) @executable_path/Frameworks @loader_path/Frameworks";
				PRODUCT_NAME = "$(TARGET_NAME)";
				TEST_HOST = "$(BUILT_PRODUCTS_DIR)/SocialWallet.app/SocialWallet";
			};
			name = Release;
		};
/* End XCBuildConfiguration section */

/* Begin XCConfigurationList section */
		E658FB421AF5704600055413 /* Build configuration list for PBXProject "SocialWallet" */ = {
			isa = XCConfigurationList;
			buildConfigurations = (
				E658FB641AF5704700055413 /* Debug */,
				E658FB651AF5704700055413 /* Release */,
			);
			defaultConfigurationIsVisible = 0;
			defaultConfigurationName = Release;
		};
		E658FB661AF5704700055413 /* Build configuration list for PBXNativeTarget "SocialWallet" */ = {
			isa = XCConfigurationList;
			buildConfigurations = (
				E658FB671AF5704700055413 /* Debug */,
				E658FB681AF5704700055413 /* Release */,
			);
			defaultConfigurationIsVisible = 0;
			defaultConfigurationName = Release;
		};
		E658FB691AF5704700055413 /* Build configuration list for PBXNativeTarget "SocialWalletTests" */ = {
			isa = XCConfigurationList;
			buildConfigurations = (
				E658FB6A1AF5704700055413 /* Debug */,
				E658FB6B1AF5704700055413 /* Release */,
			);
			defaultConfigurationIsVisible = 0;
			defaultConfigurationName = Release;
		};
/* End XCConfigurationList section */
	};
	rootObject = E658FB3F1AF5704600055413 /* Project object */;
}
